
Microsoft Visual Studio Solution File, Format Version 12.00
# Visual Studio Version 17
VisualStudioVersion = 17.8.34525.116
MinimumVisualStudioVersion = 10.0.40219.1
Project("{FAE04EC0-301F-11D3-BF4B-00C04F79EFBC}") = "Lab3Part2", "Lab3Part2\Lab3Part2.csproj", "{D81AE01D-AD5D-4929-BAF7-1F545CF25ECE}"
EndProject
Global
	GlobalSection(SolutionConfigurationPlatforms) = preSolution
		Debug|Any CPU = Debug|Any CPU
		Release|Any CPU = Release|Any CPU
	EndGlobalSection
	GlobalSection(ProjectConfigurationPlatforms) = postSolution
		{D81AE01D-AD5D-4929-BAF7-1F545CF25ECE}.Debug|Any CPU.ActiveCfg = Debug|Any CPU
		{D81AE01D-AD5D-4929-BAF7-1F545CF25ECE}.Debug|Any CPU.Build.0 = Debug|Any CPU
		{D81AE01D-AD5D-4929-BAF7-1F545CF25ECE}.Release|Any CPU.ActiveCfg = Release|Any CPU
		{D81AE01D-AD5D-4929-BAF7-1F545CF25ECE}.Release|Any CPU.Build.0 = Release|Any CPU
	EndGlobalSection
	GlobalSection(SolutionProperties) = preSolution
		HideSolutionNode = FALSE
	EndGlobalSection
	GlobalSection(ExtensibilityGlobals) = postSolution
		SolutionGuid = {ECB09E76-427C-46C2-894C-95D1EEFB0ABA}
	EndGlobalSection
EndGlobal
